
Microsoft Visual Studio Solution File, Format Version 12.00
# Visual Studio 2013
VisualStudioVersion = 12.0.31101.0
MinimumVisualStudioVersion = 10.0.40219.1
Project("{FAE04EC0-301F-11D3-BF4B-00C04F79EFBC}") = "SkeletorHorseProject", "SkeletorHorseProject\SkeletorHorseProject.csproj", "{70E04755-83DF-45D5-96C1-2215511CFBB2}"
EndProject
Project("{FAE04EC0-301F-11D3-BF4B-00C04F79EFBC}") = "SkeletorDAL", "SkeletorDAL\SkeletorDAL.csproj", "{720C23C6-9136-4044-8820-696708F0A5DD}"
EndProject
Global
	GlobalSection(SolutionConfigurationPlatforms) = preSolution
		Debug|Any CPU = Debug|Any CPU
		Release|Any CPU = Release|Any CPU
	EndGlobalSection
	GlobalSection(ProjectConfigurationPlatforms) = postSolution
		{70E04755-83DF-45D5-96C1-2215511CFBB2}.Debug|Any CPU.ActiveCfg = Debug|Any CPU
		{70E04755-83DF-45D5-96C1-2215511CFBB2}.Debug|Any CPU.Build.0 = Debug|Any CPU
		{70E04755-83DF-45D5-96C1-2215511CFBB2}.Release|Any CPU.ActiveCfg = Release|Any CPU
		{70E04755-83DF-45D5-96C1-2215511CFBB2}.Release|Any CPU.Build.0 = Release|Any CPU
		{720C23C6-9136-4044-8820-696708F0A5DD}.Debug|Any CPU.ActiveCfg = Debug|Any CPU
		{720C23C6-9136-4044-8820-696708F0A5DD}.Debug|Any CPU.Build.0 = Debug|Any CPU
		{720C23C6-9136-4044-8820-696708F0A5DD}.Release|Any CPU.ActiveCfg = Release|Any CPU
		{720C23C6-9136-4044-8820-696708F0A5DD}.Release|Any CPU.Build.0 = Release|Any CPU
	EndGlobalSection
	GlobalSection(SolutionProperties) = preSolution
		HideSolutionNode = FALSE
	EndGlobalSection
EndGlobal
